
Microsoft Visual Studio Solution File, Format Version 12.00
# Visual Studio Version 17
VisualStudioVersion = 17.4.33103.184
MinimumVisualStudioVersion = 10.0.40219.1
Project("{FAE04EC0-301F-11D3-BF4B-00C04F79EFBC}") = "employeeManagement_MVC", "employeeManagement_MVC\employeeManagement_MVC.csproj", "{1B9AB3B5-5454-4879-A9B2-B6DB42D51C70}"
EndProject
Global
	GlobalSection(SolutionConfigurationPlatforms) = preSolution
		Debug|Any CPU = Debug|Any CPU
		Release|Any CPU = Release|Any CPU
	EndGlobalSection
	GlobalSection(ProjectConfigurationPlatforms) = postSolution
		{1B9AB3B5-5454-4879-A9B2-B6DB42D51C70}.Debug|Any CPU.ActiveCfg = Debug|Any CPU
		{1B9AB3B5-5454-4879-A9B2-B6DB42D51C70}.Debug|Any CPU.Build.0 = Debug|Any CPU
		{1B9AB3B5-5454-4879-A9B2-B6DB42D51C70}.Release|Any CPU.ActiveCfg = Release|Any CPU
		{1B9AB3B5-5454-4879-A9B2-B6DB42D51C70}.Release|Any CPU.Build.0 = Release|Any CPU
	EndGlobalSection
	GlobalSection(SolutionProperties) = preSolution
		HideSolutionNode = FALSE
	EndGlobalSection
	GlobalSection(ExtensibilityGlobals) = postSolution
		SolutionGuid = {BF5C215A-8375-44A5-8AB4-A930EB96A8E0}
	EndGlobalSection
EndGlobal
